
Microsoft Visual Studio Solution File, Format Version 12.00
# Visual Studio Version 17
VisualStudioVersion = 17.2.32616.157
MinimumVisualStudioVersion = 10.0.40219.1
Project("{FAE04EC0-301F-11D3-BF4B-00C04F79EFBC}") = "Primer_Proyecto_Final", "Primer_Proyecto_Final\Primer_Proyecto_Final.csproj", "{1421BF53-CE6D-42AA-88BF-28B1EC160114}"
EndProject
Global
	GlobalSection(SolutionConfigurationPlatforms) = preSolution
		Debug|Any CPU = Debug|Any CPU
		Release|Any CPU = Release|Any CPU
	EndGlobalSection
	GlobalSection(ProjectConfigurationPlatforms) = postSolution
		{1421BF53-CE6D-42AA-88BF-28B1EC160114}.Debug|Any CPU.ActiveCfg = Debug|Any CPU
		{1421BF53-CE6D-42AA-88BF-28B1EC160114}.Debug|Any CPU.Build.0 = Debug|Any CPU
		{1421BF53-CE6D-42AA-88BF-28B1EC160114}.Release|Any CPU.ActiveCfg = Release|Any CPU
		{1421BF53-CE6D-42AA-88BF-28B1EC160114}.Release|Any CPU.Build.0 = Release|Any CPU
	EndGlobalSection
	GlobalSection(SolutionProperties) = preSolution
		HideSolutionNode = FALSE
	EndGlobalSection
	GlobalSection(ExtensibilityGlobals) = postSolution
		SolutionGuid = {E9A4B72B-8B23-47B4-964B-FC62D172CBBA}
	EndGlobalSection
EndGlobal
